
Microsoft Visual Studio Solution File, Format Version 12.00
# Visual Studio Version 17
VisualStudioVersion = 17.6.33723.286
MinimumVisualStudioVersion = 10.0.40219.1
Project("{FAE04EC0-301F-11D3-BF4B-00C04F79EFBC}") = "ProjetoPodcast", "ProjetoPodcast.csproj", "{D98BFBD1-6FDB-4CBB-983C-38DB91357FF0}"
EndProject
Global
	GlobalSection(SolutionConfigurationPlatforms) = preSolution
		Debug|Any CPU = Debug|Any CPU
		Release|Any CPU = Release|Any CPU
	EndGlobalSection
	GlobalSection(ProjectConfigurationPlatforms) = postSolution
		{D98BFBD1-6FDB-4CBB-983C-38DB91357FF0}.Debug|Any CPU.ActiveCfg = Debug|Any CPU
		{D98BFBD1-6FDB-4CBB-983C-38DB91357FF0}.Debug|Any CPU.Build.0 = Debug|Any CPU
		{D98BFBD1-6FDB-4CBB-983C-38DB91357FF0}.Release|Any CPU.ActiveCfg = Release|Any CPU
		{D98BFBD1-6FDB-4CBB-983C-38DB91357FF0}.Release|Any CPU.Build.0 = Release|Any CPU
	EndGlobalSection
	GlobalSection(SolutionProperties) = preSolution
		HideSolutionNode = FALSE
	EndGlobalSection
	GlobalSection(ExtensibilityGlobals) = postSolution
		SolutionGuid = {8CC3A952-69AF-4AFE-9446-3E532F0C10BF}
	EndGlobalSection
EndGlobal
